
Microsoft Visual Studio Solution File, Format Version 12.00
# Visual Studio Version 16
VisualStudioVersion = 16.0.30128.74
MinimumVisualStudioVersion = 10.0.40219.1
Project("{FAE04EC0-301F-11D3-BF4B-00C04F79EFBC}") = "HamburguerConMvvm", "HamburguerConMvvm.csproj", "{FC12882D-A729-4B81-95FD-95258F3FA83E}"
EndProject
Global
	GlobalSection(SolutionConfigurationPlatforms) = preSolution
		Debug|Any CPU = Debug|Any CPU
		Release|Any CPU = Release|Any CPU
	EndGlobalSection
	GlobalSection(ProjectConfigurationPlatforms) = postSolution
		{FC12882D-A729-4B81-95FD-95258F3FA83E}.Debug|Any CPU.ActiveCfg = Debug|Any CPU
		{FC12882D-A729-4B81-95FD-95258F3FA83E}.Debug|Any CPU.Build.0 = Debug|Any CPU
		{FC12882D-A729-4B81-95FD-95258F3FA83E}.Release|Any CPU.ActiveCfg = Release|Any CPU
		{FC12882D-A729-4B81-95FD-95258F3FA83E}.Release|Any CPU.Build.0 = Release|Any CPU
	EndGlobalSection
	GlobalSection(SolutionProperties) = preSolution
		HideSolutionNode = FALSE
	EndGlobalSection
	GlobalSection(ExtensibilityGlobals) = postSolution
		SolutionGuid = {E097FBCC-8DE4-46AD-8F3A-2FFAB8C6D822}
	EndGlobalSection
EndGlobal
